# This file is automatically @generated by Cargo.
# It is not intended for manual editing.
version = 3

[[package]]
name = "autocfg"
version = "1.5.0"
source = "registry+https://github.com/rust-lang/crates.io-index"
checksum = "c08606f8c3cbf4ce6ec8e28fb0014a2c086708fe954eaa885384a6165172e7e8"

[[package]]
name = "nec-cli"
version = "0.1.0"
dependencies = [
 "nec_model",
 "nec_parser",
 "nec_project",
 "nec_solver",
]

[[package]]
name = "nec-gui"
version = "0.1.0"
dependencies = [
 "nec_project",
]

[[package]]
name = "nec-tui"
version = "0.1.0"
dependencies = [
 "nec_project",
]

[[package]]
name = "nec_accel"
version = "0.1.0"

[[package]]
name = "nec_model"
version = "0.1.0"

[[package]]
name = "nec_parser"
version = "0.1.0"
dependencies = [
 "nec_model",
]

[[package]]
name = "nec_project"
version = "0.1.0"
dependencies = [
 "nec_model",
 "nec_parser",
 "nec_report",
 "nec_solver",
]

[[package]]
name = "nec_report"
version = "0.1.0"
dependencies = [
 "nec_model",
]

[[package]]
name = "nec_solver"
version = "0.1.0"
dependencies = [
 "nec_accel",
 "nec_model",
 "num-complex",
]

[[package]]
name = "num-complex"
version = "0.4.6"
source = "registry+https://github.com/rust-lang/crates.io-index"
checksum = "73f88a1307638156682bada9d7604135552957b7818057dcef22705b4d509495"
dependencies = [
 "num-traits",
]

[[package]]
name = "num-traits"
version = "0.2.19"
source = "registry+https://github.com/rust-lang/crates.io-index"
checksum = "071dfc062690e90b734c0b2273ce72ad0ffa95f0c74596bc250dcfd960262841"
dependencies = [
 "autocfg",
]
