# This file is automatically @generated by Cargo.
# It is not intended for manual editing.
version = 3

[[package]]
name = "nec-cli"
version = "0.1.0"
dependencies = [
 "nec_project",
]

[[package]]
name = "nec-gui"
version = "0.1.0"
dependencies = [
 "nec_project",
]

[[package]]
name = "nec-tui"
version = "0.1.0"
dependencies = [
 "nec_project",
]

[[package]]
name = "nec_accel"
version = "0.1.0"

[[package]]
name = "nec_model"
version = "0.1.0"

[[package]]
name = "nec_parser"
version = "0.1.0"

[[package]]
name = "nec_project"
version = "0.1.0"
dependencies = [
 "nec_model",
 "nec_parser",
 "nec_report",
 "nec_solver",
]

[[package]]
name = "nec_report"
version = "0.1.0"
dependencies = [
 "nec_model",
]

[[package]]
name = "nec_solver"
version = "0.1.0"
dependencies = [
 "nec_accel",
 "nec_model",
]
